
Microsoft Visual Studio Solution File, Format Version 12.00
# Visual Studio Version 17
VisualStudioVersion = 17.0.32014.148
MinimumVisualStudioVersion = 10.0.40219.1
Project("{FAE04EC0-301F-11D3-BF4B-00C04F79EFBC}") = "JTLImporterDLL", "ExternDLL\JTLImporterDLL.csproj", "{72809D15-8B5C-4B89-9BF0-D4A926962E75}"
EndProject
Global
	GlobalSection(SolutionConfigurationPlatforms) = preSolution
		Debug|Any CPU = Debug|Any CPU
		Release|Any CPU = Release|Any CPU
	EndGlobalSection
	GlobalSection(ProjectConfigurationPlatforms) = postSolution
		{72809D15-8B5C-4B89-9BF0-D4A926962E75}.Debug|Any CPU.ActiveCfg = Debug|Any CPU
		{72809D15-8B5C-4B89-9BF0-D4A926962E75}.Debug|Any CPU.Build.0 = Debug|Any CPU
		{72809D15-8B5C-4B89-9BF0-D4A926962E75}.Release|Any CPU.ActiveCfg = Debug|Any CPU
		{72809D15-8B5C-4B89-9BF0-D4A926962E75}.Release|Any CPU.Build.0 = Debug|Any CPU
	EndGlobalSection
	GlobalSection(SolutionProperties) = preSolution
		HideSolutionNode = FALSE
	EndGlobalSection
	GlobalSection(ExtensibilityGlobals) = postSolution
		SolutionGuid = {37F3D97C-249A-4DDE-89C6-D9A3352260CC}
	EndGlobalSection
EndGlobal
